
Microsoft Visual Studio Solution File, Format Version 12.00
# Visual Studio Version 17
VisualStudioVersion = 17.3.32811.315
MinimumVisualStudioVersion = 10.0.40219.1
Project("{FAE04EC0-301F-11D3-BF4B-00C04F79EFBC}") = "Modelo_Site", "Modelo_Site.csproj", "{42A36EEE-3FFD-436B-8E5C-301EFEE84111}"
EndProject
Global
	GlobalSection(SolutionConfigurationPlatforms) = preSolution
		Debug|Any CPU = Debug|Any CPU
		Release|Any CPU = Release|Any CPU
	EndGlobalSection
	GlobalSection(ProjectConfigurationPlatforms) = postSolution
		{42A36EEE-3FFD-436B-8E5C-301EFEE84111}.Debug|Any CPU.ActiveCfg = Debug|Any CPU
		{42A36EEE-3FFD-436B-8E5C-301EFEE84111}.Debug|Any CPU.Build.0 = Debug|Any CPU
		{42A36EEE-3FFD-436B-8E5C-301EFEE84111}.Release|Any CPU.ActiveCfg = Release|Any CPU
		{42A36EEE-3FFD-436B-8E5C-301EFEE84111}.Release|Any CPU.Build.0 = Release|Any CPU
	EndGlobalSection
	GlobalSection(SolutionProperties) = preSolution
		HideSolutionNode = FALSE
	EndGlobalSection
	GlobalSection(ExtensibilityGlobals) = postSolution
		SolutionGuid = {D7974D98-E8F2-49D1-812F-DC2C62505F40}
	EndGlobalSection
EndGlobal
