
Microsoft Visual Studio Solution File, Format Version 12.00
# Visual Studio Version 17
VisualStudioVersion = 17.3.32811.315
MinimumVisualStudioVersion = 10.0.40219.1
Project("{FAE04EC0-301F-11D3-BF4B-00C04F79EFBC}") = "Atividade_ASP.net", "Atividade_ASP.net.csproj", "{CABB7221-46AD-4BE9-84FE-88480D58BF1A}"
EndProject
Global
	GlobalSection(SolutionConfigurationPlatforms) = preSolution
		Debug|Any CPU = Debug|Any CPU
		Release|Any CPU = Release|Any CPU
	EndGlobalSection
	GlobalSection(ProjectConfigurationPlatforms) = postSolution
		{CABB7221-46AD-4BE9-84FE-88480D58BF1A}.Debug|Any CPU.ActiveCfg = Debug|Any CPU
		{CABB7221-46AD-4BE9-84FE-88480D58BF1A}.Debug|Any CPU.Build.0 = Debug|Any CPU
		{CABB7221-46AD-4BE9-84FE-88480D58BF1A}.Release|Any CPU.ActiveCfg = Release|Any CPU
		{CABB7221-46AD-4BE9-84FE-88480D58BF1A}.Release|Any CPU.Build.0 = Release|Any CPU
	EndGlobalSection
	GlobalSection(SolutionProperties) = preSolution
		HideSolutionNode = FALSE
	EndGlobalSection
	GlobalSection(ExtensibilityGlobals) = postSolution
		SolutionGuid = {DEC86284-B9C7-4AD9-89B8-FE037F76D546}
	EndGlobalSection
EndGlobal
